
Microsoft Visual Studio Solution File, Format Version 12.00
# Visual Studio 15
VisualStudioVersion = 15.0.27130.2027
MinimumVisualStudioVersion = 10.0.40219.1
Project("{FAE04EC0-301F-11D3-BF4B-00C04F79EFBC}") = "ChatBot.Clients.Android", "ChatBot.Clients\ChatBot.Clients.Android\ChatBot.Clients.Android.csproj", "{7140B633-FAD1-4F1F-A34A-463E0819FB82}"
EndProject
Project("{FAE04EC0-301F-11D3-BF4B-00C04F79EFBC}") = "ChatBot.Clients.iOS", "ChatBot.Clients\ChatBot.Clients.iOS\ChatBot.Clients.iOS.csproj", "{5672053F-BA0F-42B7-A827-5D0668710CD1}"
EndProject
Project("{FAE04EC0-301F-11D3-BF4B-00C04F79EFBC}") = "ChatBot.Clients.UWP", "ChatBot.Clients\ChatBot.Clients.UWP\ChatBot.Clients.UWP.csproj", "{26A78FED-A965-4F1A-B501-C60DE139D885}"
EndProject
Project("{9A19103F-16F7-4668-BE54-9A1E7A4F7556}") = "ChatBot.Clients", "ChatBot.Clients\ChatBot.Clients\ChatBot.Clients.csproj", "{E97E70A2-6346-45E3-A747-246A6E29F801}"
EndProject
Project("{2150E333-8FDC-42A3-9474-1A3956D46DE8}") = "Client", "Client", "{6C4BAE27-8810-48A4-B948-976873D6FFE8}"
EndProject
Project("{2150E333-8FDC-42A3-9474-1A3956D46DE8}") = "Server", "Server", "{20A5C2A2-2957-4633-ABA2-E1A5752B3C5C}"
EndProject
Project("{FAE04EC0-301F-11D3-BF4B-00C04F79EFBC}") = "ChatBot.Server", "ChatBot.Server\ChatBot.Server.csproj", "{4E5DFEFA-B4F7-4555-8746-37EF485601CA}"
EndProject
Global
	GlobalSection(SolutionConfigurationPlatforms) = preSolution
		Ad-Hoc|Any CPU = Ad-Hoc|Any CPU
		Ad-Hoc|ARM = Ad-Hoc|ARM
		Ad-Hoc|iPhone = Ad-Hoc|iPhone
		Ad-Hoc|iPhoneSimulator = Ad-Hoc|iPhoneSimulator
		Ad-Hoc|x64 = Ad-Hoc|x64
		Ad-Hoc|x86 = Ad-Hoc|x86
		AppStore|Any CPU = AppStore|Any CPU
		AppStore|ARM = AppStore|ARM
		AppStore|iPhone = AppStore|iPhone
		AppStore|iPhoneSimulator = AppStore|iPhoneSimulator
		AppStore|x64 = AppStore|x64
		AppStore|x86 = AppStore|x86
		Debug|Any CPU = Debug|Any CPU
		Debug|ARM = Debug|ARM
		Debug|iPhone = Debug|iPhone
		Debug|iPhoneSimulator = Debug|iPhoneSimulator
		Debug|x64 = Debug|x64
		Debug|x86 = Debug|x86
		Release|Any CPU = Release|Any CPU
		Release|ARM = Release|ARM
		Release|iPhone = Release|iPhone
		Release|iPhoneSimulator = Release|iPhoneSimulator
		Release|x64 = Release|x64
		Release|x86 = Release|x86
	EndGlobalSection
	GlobalSection(ProjectConfigurationPlatforms) = postSolution
		{7140B633-FAD1-4F1F-A34A-463E0819FB82}.Ad-Hoc|Any CPU.ActiveCfg = Release|Any CPU
		{7140B633-FAD1-4F1F-A34A-463E0819FB82}.Ad-Hoc|Any CPU.Build.0 = Release|Any CPU
		{7140B633-FAD1-4F1F-A34A-463E0819FB82}.Ad-Hoc|Any CPU.Deploy.0 = Release|Any CPU
		{7140B633-FAD1-4F1F-A34A-463E0819FB82}.Ad-Hoc|ARM.ActiveCfg = Release|Any CPU
		{7140B633-FAD1-4F1F-A34A-463E0819FB82}.Ad-Hoc|ARM.Build.0 = Release|Any CPU
		{7140B633-FAD1-4F1F-A34A-463E0819FB82}.Ad-Hoc|ARM.Deploy.0 = Release|Any CPU
		{7140B633-FAD1-4F1F-A34A-463E0819FB82}.Ad-Hoc|iPhone.ActiveCfg = Release|Any CPU
		{7140B633-FAD1-4F1F-A34A-463E0819FB82}.Ad-Hoc|iPhone.Build.0 = Release|Any CPU
		{7140B633-FAD1-4F1F-A34A-463E0819FB82}.Ad-Hoc|iPhone.Deploy.0 = Release|Any CPU
		{7140B633-FAD1-4F1F-A34A-463E0819FB82}.Ad-Hoc|iPhoneSimulator.ActiveCfg = Release|Any CPU
		{7140B633-FAD1-4F1F-A34A-463E0819FB82}.Ad-Hoc|iPhoneSimulator.Build.0 = Release|Any CPU
		{7140B633-FAD1-4F1F-A34A-463E0819FB82}.Ad-Hoc|iPhoneSimulator.Deploy.0 = Release|Any CPU
		{7140B633-FAD1-4F1F-A34A-463E0819FB82}.Ad-Hoc|x64.ActiveCfg = Release|Any CPU
		{7140B633-FAD1-4F1F-A34A-463E0819FB82}.Ad-Hoc|x64.Build.0 = Release|Any CPU
		{7140B633-FAD1-4F1F-A34A-463E0819FB82}.Ad-Hoc|x64.Deploy.0 = Release|Any CPU
		{7140B633-FAD1-4F1F-A34A-463E0819FB82}.Ad-Hoc|x86.ActiveCfg = Release|Any CPU
		{7140B633-FAD1-4F1F-A34A-463E0819FB82}.Ad-Hoc|x86.Build.0 = Release|Any CPU
		{7140B633-FAD1-4F1F-A34A-463E0819FB82}.Ad-Hoc|x86.Deploy.0 = Release|Any CPU
		{7140B633-FAD1-4F1F-A34A-463E0819FB82}.AppStore|Any CPU.ActiveCfg = Release|Any CPU
		{7140B633-FAD1-4F1F-A34A-463E0819FB82}.AppStore|Any CPU.Build.0 = Release|Any CPU
		{7140B633-FAD1-4F1F-A34A-463E0819FB82}.AppStore|Any CPU.Deploy.0 = Release|Any CPU
		{7140B633-FAD1-4F1F-A34A-463E0819FB82}.AppStore|ARM.ActiveCfg = Release|Any CPU
		{7140B633-FAD1-4F1F-A34A-463E0819FB82}.AppStore|ARM.Build.0 = Release|Any CPU
		{7140B633-FAD1-4F1F-A34A-463E0819FB82}.AppStore|ARM.Deploy.0 = Release|Any CPU
		{7140B633-FAD1-4F1F-A34A-463E0819FB82}.AppStore|iPhone.ActiveCfg = Release|Any CPU
		{7140B633-FAD1-4F1F-A34A-463E0819FB82}.AppStore|iPhone.Build.0 = Release|Any CPU
		{7140B633-FAD1-4F1F-A34A-463E0819FB82}.AppStore|iPhone.Deploy.0 = Release|Any CPU
		{7140B633-FAD1-4F1F-A34A-463E0819FB82}.AppStore|iPhoneSimulator.ActiveCfg = Release|Any CPU
		{7140B633-FAD1-4F1F-A34A-463E0819FB82}.AppStore|iPhoneSimulator.Build.0 = Release|Any CPU
		{7140B633-FAD1-4F1F-A34A-463E0819FB82}.AppStore|iPhoneSimulator.Deploy.0 = Release|Any CPU
		{7140B633-FAD1-4F1F-A34A-463E0819FB82}.AppStore|x64.ActiveCfg = Release|Any CPU
		{7140B633-FAD1-4F1F-A34A-463E0819FB82}.AppStore|x64.Build.0 = Release|Any CPU
		{7140B633-FAD1-4F1F-A34A-463E0819FB82}.AppStore|x64.Deploy.0 = Release|Any CPU
		{7140B633-FAD1-4F1F-A34A-463E0819FB82}.AppStore|x86.ActiveCfg = Release|Any CPU
		{7140B633-FAD1-4F1F-A34A-463E0819FB82}.AppStore|x86.Build.0 = Release|Any CPU
		{7140B633-FAD1-4F1F-A34A-463E0819FB82}.AppStore|x86.Deploy.0 = Release|Any CPU
		{7140B633-FAD1-4F1F-A34A-463E0819FB82}.Debug|Any CPU.ActiveCfg = Debug|Any CPU
		{7140B633-FAD1-4F1F-A34A-463E0819FB82}.Debug|Any CPU.Build.0 = Debug|Any CPU
		{7140B633-FAD1-4F1F-A34A-463E0819FB82}.Debug|Any CPU.Deploy.0 = Debug|Any CPU
		{7140B633-FAD1-4F1F-A34A-463E0819FB82}.Debug|ARM.ActiveCfg = Debug|Any CPU
		{7140B633-FAD1-4F1F-A34A-463E0819FB82}.Debug|ARM.Build.0 = Debug|Any CPU
		{7140B633-FAD1-4F1F-A34A-463E0819FB82}.Debug|ARM.Deploy.0 = Debug|Any CPU
		{7140B633-FAD1-4F1F-A34A-463E0819FB82}.Debug|iPhone.ActiveCfg = Debug|Any CPU
		{7140B633-FAD1-4F1F-A34A-463E0819FB82}.Debug|iPhone.Build.0 = Debug|Any CPU
		{7140B633-FAD1-4F1F-A34A-463E0819FB82}.Debug|iPhone.Deploy.0 = Debug|Any CPU
		{7140B633-FAD1-4F1F-A34A-463E0819FB82}.Debug|iPhoneSimulator.ActiveCfg = Debug|Any CPU
		{7140B633-FAD1-4F1F-A34A-463E0819FB82}.Debug|iPhoneSimulator.Build.0 = Debug|Any CPU
		{7140B633-FAD1-4F1F-A34A-463E0819FB82}.Debug|iPhoneSimulator.Deploy.0 = Debug|Any CPU
		{7140B633-FAD1-4F1F-A34A-463E0819FB82}.Debug|x64.ActiveCfg = Debug|Any CPU
		{7140B633-FAD1-4F1F-A34A-463E0819FB82}.Debug|x64.Build.0 = Debug|Any CPU
		{7140B633-FAD1-4F1F-A34A-463E0819FB82}.Debug|x64.Deploy.0 = Debug|Any CPU
		{7140B633-FAD1-4F1F-A34A-463E0819FB82}.Debug|x86.ActiveCfg = Debug|Any CPU
		{7140B633-FAD1-4F1F-A34A-463E0819FB82}.Debug|x86.Build.0 = Debug|Any CPU
		{7140B633-FAD1-4F1F-A34A-463E0819FB82}.Debug|x86.Deploy.0 = Debug|Any CPU
		{7140B633-FAD1-4F1F-A34A-463E0819FB82}.Release|Any CPU.ActiveCfg = Release|Any CPU
		{7140B633-FAD1-4F1F-A34A-463E0819FB82}.Release|Any CPU.Build.0 = Release|Any CPU
		{7140B633-FAD1-4F1F-A34A-463E0819FB82}.Release|Any CPU.Deploy.0 = Release|Any CPU
		{7140B633-FAD1-4F1F-A34A-463E0819FB82}.Release|ARM.ActiveCfg = Release|Any CPU
		{7140B633-FAD1-4F1F-A34A-463E0819FB82}.Release|ARM.Build.0 = Release|Any CPU
		{7140B633-FAD1-4F1F-A34A-463E0819FB82}.Release|ARM.Deploy.0 = Release|Any CPU
		{7140B633-FAD1-4F1F-A34A-463E0819FB82}.Release|iPhone.ActiveCfg = Release|Any CPU
		{7140B633-FAD1-4F1F-A34A-463E0819FB82}.Release|iPhone.Build.0 = Release|Any CPU
		{7140B633-FAD1-4F1F-A34A-463E0819FB82}.Release|iPhone.Deploy.0 = Release|Any CPU
		{7140B633-FAD1-4F1F-A34A-463E0819FB82}.Release|iPhoneSimulator.ActiveCfg = Release|Any CPU
		{7140B633-FAD1-4F1F-A34A-463E0819FB82}.Release|iPhoneSimulator.Build.0 = Release|Any CPU
		{7140B633-FAD1-4F1F-A34A-463E0819FB82}.Release|iPhoneSimulator.Deploy.0 = Release|Any CPU
		{7140B633-FAD1-4F1F-A34A-463E0819FB82}.Release|x64.ActiveCfg = Release|Any CPU
		{7140B633-FAD1-4F1F-A34A-463E0819FB82}.Release|x64.Build.0 = Release|Any CPU
		{7140B633-FAD1-4F1F-A34A-463E0819FB82}.Release|x64.Deploy.0 = Release|Any CPU
		{7140B633-FAD1-4F1F-A34A-463E0819FB82}.Release|x86.ActiveCfg = Release|Any CPU
		{7140B633-FAD1-4F1F-A34A-463E0819FB82}.Release|x86.Build.0 = Release|Any CPU
		{7140B633-FAD1-4F1F-A34A-463E0819FB82}.Release|x86.Deploy.0 = Release|Any CPU
		{5672053F-BA0F-42B7-A827-5D0668710CD1}.Ad-Hoc|Any CPU.ActiveCfg = Ad-Hoc|iPhone
		{5672053F-BA0F-42B7-A827-5D0668710CD1}.Ad-Hoc|ARM.ActiveCfg = Ad-Hoc|iPhone
		{5672053F-BA0F-42B7-A827-5D0668710CD1}.Ad-Hoc|iPhone.ActiveCfg = Ad-Hoc|iPhone
		{5672053F-BA0F-42B7-A827-5D0668710CD1}.Ad-Hoc|iPhone.Build.0 = Ad-Hoc|iPhone
		{5672053F-BA0F-42B7-A827-5D0668710CD1}.Ad-Hoc|iPhoneSimulator.ActiveCfg = Ad-Hoc|iPhoneSimulator
		{5672053F-BA0F-42B7-A827-5D0668710CD1}.Ad-Hoc|iPhoneSimulator.Build.0 = Ad-Hoc|iPhoneSimulator
		{5672053F-BA0F-42B7-A827-5D0668710CD1}.Ad-Hoc|x64.ActiveCfg = Ad-Hoc|iPhone
		{5672053F-BA0F-42B7-A827-5D0668710CD1}.Ad-Hoc|x86.ActiveCfg = Ad-Hoc|iPhone
		{5672053F-BA0F-42B7-A827-5D0668710CD1}.AppStore|Any CPU.ActiveCfg = AppStore|iPhone
		{5672053F-BA0F-42B7-A827-5D0668710CD1}.AppStore|ARM.ActiveCfg = AppStore|iPhone
		{5672053F-BA0F-42B7-A827-5D0668710CD1}.AppStore|iPhone.ActiveCfg = AppStore|iPhone
		{5672053F-BA0F-42B7-A827-5D0668710CD1}.AppStore|iPhone.Build.0 = AppStore|iPhone
		{5672053F-BA0F-42B7-A827-5D0668710CD1}.AppStore|iPhoneSimulator.ActiveCfg = AppStore|iPhoneSimulator
		{5672053F-BA0F-42B7-A827-5D0668710CD1}.AppStore|iPhoneSimulator.Build.0 = AppStore|iPhoneSimulator
		{5672053F-BA0F-42B7-A827-5D0668710CD1}.AppStore|x64.ActiveCfg = AppStore|iPhone
		{5672053F-BA0F-42B7-A827-5D0668710CD1}.AppStore|x86.ActiveCfg = AppStore|iPhone
		{5672053F-BA0F-42B7-A827-5D0668710CD1}.Debug|Any CPU.ActiveCfg = Debug|iPhone
		{5672053F-BA0F-42B7-A827-5D0668710CD1}.Debug|ARM.ActiveCfg = Debug|iPhone
		{5672053F-BA0F-42B7-A827-5D0668710CD1}.Debug|iPhone.ActiveCfg = Debug|iPhone
		{5672053F-BA0F-42B7-A827-5D0668710CD1}.Debug|iPhone.Build.0 = Debug|iPhone
		{5672053F-BA0F-42B7-A827-5D0668710CD1}.Debug|iPhoneSimulator.ActiveCfg = Debug|iPhoneSimulator
		{5672053F-BA0F-42B7-A827-5D0668710CD1}.Debug|iPhoneSimulator.Build.0 = Debug|iPhoneSimulator
		{5672053F-BA0F-42B7-A827-5D0668710CD1}.Debug|x64.ActiveCfg = Debug|iPhone
		{5672053F-BA0F-42B7-A827-5D0668710CD1}.Debug|x86.ActiveCfg = Debug|iPhone
		{5672053F-BA0F-42B7-A827-5D0668710CD1}.Release|Any CPU.ActiveCfg = Release|iPhone
		{5672053F-BA0F-42B7-A827-5D0668710CD1}.Release|ARM.ActiveCfg = Release|iPhone
		{5672053F-BA0F-42B7-A827-5D0668710CD1}.Release|iPhone.ActiveCfg = Release|iPhone
		{5672053F-BA0F-42B7-A827-5D0668710CD1}.Release|iPhone.Build.0 = Release|iPhone
		{5672053F-BA0F-42B7-A827-5D0668710CD1}.Release|iPhoneSimulator.ActiveCfg = Release|iPhoneSimulator
		{5672053F-BA0F-42B7-A827-5D0668710CD1}.Release|iPhoneSimulator.Build.0 = Release|iPhoneSimulator
		{5672053F-BA0F-42B7-A827-5D0668710CD1}.Release|x64.ActiveCfg = Release|iPhone
		{5672053F-BA0F-42B7-A827-5D0668710CD1}.Release|x86.ActiveCfg = Release|iPhone
		{26A78FED-A965-4F1A-B501-C60DE139D885}.Ad-Hoc|Any CPU.ActiveCfg = Release|x86
		{26A78FED-A965-4F1A-B501-C60DE139D885}.Ad-Hoc|Any CPU.Build.0 = Release|x86
		{26A78FED-A965-4F1A-B501-C60DE139D885}.Ad-Hoc|Any CPU.Deploy.0 = Release|x86
		{26A78FED-A965-4F1A-B501-C60DE139D885}.Ad-Hoc|ARM.ActiveCfg = Release|ARM
		{26A78FED-A965-4F1A-B501-C60DE139D885}.Ad-Hoc|ARM.Build.0 = Release|ARM
		{26A78FED-A965-4F1A-B501-C60DE139D885}.Ad-Hoc|ARM.Deploy.0 = Release|ARM
		{26A78FED-A965-4F1A-B501-C60DE139D885}.Ad-Hoc|iPhone.ActiveCfg = Release|x86
		{26A78FED-A965-4F1A-B501-C60DE139D885}.Ad-Hoc|iPhone.Build.0 = Release|x86
		{26A78FED-A965-4F1A-B501-C60DE139D885}.Ad-Hoc|iPhone.Deploy.0 = Release|x86
		{26A78FED-A965-4F1A-B501-C60DE139D885}.Ad-Hoc|iPhoneSimulator.ActiveCfg = Release|x86
		{26A78FED-A965-4F1A-B501-C60DE139D885}.Ad-Hoc|iPhoneSimulator.Build.0 = Release|x86
		{26A78FED-A965-4F1A-B501-C60DE139D885}.Ad-Hoc|iPhoneSimulator.Deploy.0 = Release|x86
		{26A78FED-A965-4F1A-B501-C60DE139D885}.Ad-Hoc|x64.ActiveCfg = Release|x64
		{26A78FED-A965-4F1A-B501-C60DE139D885}.Ad-Hoc|x64.Build.0 = Release|x64
		{26A78FED-A965-4F1A-B501-C60DE139D885}.Ad-Hoc|x64.Deploy.0 = Release|x64
		{26A78FED-A965-4F1A-B501-C60DE139D885}.Ad-Hoc|x86.ActiveCfg = Release|x86
		{26A78FED-A965-4F1A-B501-C60DE139D885}.Ad-Hoc|x86.Build.0 = Release|x86
		{26A78FED-A965-4F1A-B501-C60DE139D885}.Ad-Hoc|x86.Deploy.0 = Release|x86
		{26A78FED-A965-4F1A-B501-C60DE139D885}.AppStore|Any CPU.ActiveCfg = Release|x86
		{26A78FED-A965-4F1A-B501-C60DE139D885}.AppStore|Any CPU.Build.0 = Release|x86
		{26A78FED-A965-4F1A-B501-C60DE139D885}.AppStore|Any CPU.Deploy.0 = Release|x86
		{26A78FED-A965-4F1A-B501-C60DE139D885}.AppStore|ARM.ActiveCfg = Release|ARM
		{26A78FED-A965-4F1A-B501-C60DE139D885}.AppStore|ARM.Build.0 = Release|ARM
		{26A78FED-A965-4F1A-B501-C60DE139D885}.AppStore|ARM.Deploy.0 = Release|ARM
		{26A78FED-A965-4F1A-B501-C60DE139D885}.AppStore|iPhone.ActiveCfg = Release|x86
		{26A78FED-A965-4F1A-B501-C60DE139D885}.AppStore|iPhone.Build.0 = Release|x86
		{26A78FED-A965-4F1A-B501-C60DE139D885}.AppStore|iPhone.Deploy.0 = Release|x86
		{26A78FED-A965-4F1A-B501-C60DE139D885}.AppStore|iPhoneSimulator.ActiveCfg = Release|x86
		{26A78FED-A965-4F1A-B501-C60DE139D885}.AppStore|iPhoneSimulator.Build.0 = Release|x86
		{26A78FED-A965-4F1A-B501-C60DE139D885}.AppStore|iPhoneSimulator.Deploy.0 = Release|x86
		{26A78FED-A965-4F1A-B501-C60DE139D885}.AppStore|x64.ActiveCfg = Release|x64
		{26A78FED-A965-4F1A-B501-C60DE139D885}.AppStore|x64.Build.0 = Release|x64
		{26A78FED-A965-4F1A-B501-C60DE139D885}.AppStore|x64.Deploy.0 = Release|x64
		{26A78FED-A965-4F1A-B501-C60DE139D885}.AppStore|x86.ActiveCfg = Release|x86
		{26A78FED-A965-4F1A-B501-C60DE139D885}.AppStore|x86.Build.0 = Release|x86
		{26A78FED-A965-4F1A-B501-C60DE139D885}.AppStore|x86.Deploy.0 = Release|x86
		{26A78FED-A965-4F1A-B501-C60DE139D885}.Debug|Any CPU.ActiveCfg = Debug|x86
		{26A78FED-A965-4F1A-B501-C60DE139D885}.Debug|ARM.ActiveCfg = Debug|ARM
		{26A78FED-A965-4F1A-B501-C60DE139D885}.Debug|ARM.Build.0 = Debug|ARM
		{26A78FED-A965-4F1A-B501-C60DE139D885}.Debug|ARM.Deploy.0 = Debug|ARM
		{26A78FED-A965-4F1A-B501-C60DE139D885}.Debug|iPhone.ActiveCfg = Debug|x86
		{26A78FED-A965-4F1A-B501-C60DE139D885}.Debug|iPhoneSimulator.ActiveCfg = Debug|x86
		{26A78FED-A965-4F1A-B501-C60DE139D885}.Debug|x64.ActiveCfg = Debug|x64
		{26A78FED-A965-4F1A-B501-C60DE139D885}.Debug|x64.Build.0 = Debug|x64
		{26A78FED-A965-4F1A-B501-C60DE139D885}.Debug|x64.Deploy.0 = Debug|x64
		{26A78FED-A965-4F1A-B501-C60DE139D885}.Debug|x86.ActiveCfg = Debug|x86
		{26A78FED-A965-4F1A-B501-C60DE139D885}.Debug|x86.Build.0 = Debug|x86
		{26A78FED-A965-4F1A-B501-C60DE139D885}.Debug|x86.Deploy.0 = Debug|x86
		{26A78FED-A965-4F1A-B501-C60DE139D885}.Release|Any CPU.ActiveCfg = Release|x86
		{26A78FED-A965-4F1A-B501-C60DE139D885}.Release|ARM.ActiveCfg = Release|ARM
		{26A78FED-A965-4F1A-B501-C60DE139D885}.Release|ARM.Build.0 = Release|ARM
		{26A78FED-A965-4F1A-B501-C60DE139D885}.Release|ARM.Deploy.0 = Release|ARM
		{26A78FED-A965-4F1A-B501-C60DE139D885}.Release|iPhone.ActiveCfg = Release|x86
		{26A78FED-A965-4F1A-B501-C60DE139D885}.Release|iPhoneSimulator.ActiveCfg = Release|x86
		{26A78FED-A965-4F1A-B501-C60DE139D885}.Release|x64.ActiveCfg = Release|x64
		{26A78FED-A965-4F1A-B501-C60DE139D885}.Release|x64.Build.0 = Release|x64
		{26A78FED-A965-4F1A-B501-C60DE139D885}.Release|x64.Deploy.0 = Release|x64
		{26A78FED-A965-4F1A-B501-C60DE139D885}.Release|x86.ActiveCfg = Release|x86
		{26A78FED-A965-4F1A-B501-C60DE139D885}.Release|x86.Build.0 = Release|x86
		{26A78FED-A965-4F1A-B501-C60DE139D885}.Release|x86.Deploy.0 = Release|x86
		{E97E70A2-6346-45E3-A747-246A6E29F801}.Ad-Hoc|Any CPU.ActiveCfg = Debug|Any CPU
		{E97E70A2-6346-45E3-A747-246A6E29F801}.Ad-Hoc|Any CPU.Build.0 = Debug|Any CPU
		{E97E70A2-6346-45E3-A747-246A6E29F801}.Ad-Hoc|ARM.ActiveCfg = Debug|Any CPU
		{E97E70A2-6346-45E3-A747-246A6E29F801}.Ad-Hoc|ARM.Build.0 = Debug|Any CPU
		{E97E70A2-6346-45E3-A747-246A6E29F801}.Ad-Hoc|iPhone.ActiveCfg = Debug|Any CPU
		{E97E70A2-6346-45E3-A747-246A6E29F801}.Ad-Hoc|iPhone.Build.0 = Debug|Any CPU
		{E97E70A2-6346-45E3-A747-246A6E29F801}.Ad-Hoc|iPhoneSimulator.ActiveCfg = Debug|Any CPU
		{E97E70A2-6346-45E3-A747-246A6E29F801}.Ad-Hoc|iPhoneSimulator.Build.0 = Debug|Any CPU
		{E97E70A2-6346-45E3-A747-246A6E29F801}.Ad-Hoc|x64.ActiveCfg = Debug|Any CPU
		{E97E70A2-6346-45E3-A747-246A6E29F801}.Ad-Hoc|x64.Build.0 = Debug|Any CPU
		{E97E70A2-6346-45E3-A747-246A6E29F801}.Ad-Hoc|x86.ActiveCfg = Debug|Any CPU
		{E97E70A2-6346-45E3-A747-246A6E29F801}.Ad-Hoc|x86.Build.0 = Debug|Any CPU
		{E97E70A2-6346-45E3-A747-246A6E29F801}.AppStore|Any CPU.ActiveCfg = Debug|Any CPU
		{E97E70A2-6346-45E3-A747-246A6E29F801}.AppStore|Any CPU.Build.0 = Debug|Any CPU
		{E97E70A2-6346-45E3-A747-246A6E29F801}.AppStore|ARM.ActiveCfg = Debug|Any CPU
		{E97E70A2-6346-45E3-A747-246A6E29F801}.AppStore|ARM.Build.0 = Debug|Any CPU
		{E97E70A2-6346-45E3-A747-246A6E29F801}.AppStore|iPhone.ActiveCfg = Debug|Any CPU
		{E97E70A2-6346-45E3-A747-246A6E29F801}.AppStore|iPhone.Build.0 = Debug|Any CPU
		{E97E70A2-6346-45E3-A747-246A6E29F801}.AppStore|iPhoneSimulator.ActiveCfg = Debug|Any CPU
		{E97E70A2-6346-45E3-A747-246A6E29F801}.AppStore|iPhoneSimulator.Build.0 = Debug|Any CPU
		{E97E70A2-6346-45E3-A747-246A6E29F801}.AppStore|x64.ActiveCfg = Debug|Any CPU
		{E97E70A2-6346-45E3-A747-246A6E29F801}.AppStore|x64.Build.0 = Debug|Any CPU
		{E97E70A2-6346-45E3-A747-246A6E29F801}.AppStore|x86.ActiveCfg = Debug|Any CPU
		{E97E70A2-6346-45E3-A747-246A6E29F801}.AppStore|x86.Build.0 = Debug|Any CPU
		{E97E70A2-6346-45E3-A747-246A6E29F801}.Debug|Any CPU.ActiveCfg = Debug|Any CPU
		{E97E70A2-6346-45E3-A747-246A6E29F801}.Debug|Any CPU.Build.0 = Debug|Any CPU
		{E97E70A2-6346-45E3-A747-246A6E29F801}.Debug|ARM.ActiveCfg = Debug|Any CPU
		{E97E70A2-6346-45E3-A747-246A6E29F801}.Debug|ARM.Build.0 = Debug|Any CPU
		{E97E70A2-6346-45E3-A747-246A6E29F801}.Debug|iPhone.ActiveCfg = Debug|Any CPU
		{E97E70A2-6346-45E3-A747-246A6E29F801}.Debug|iPhone.Build.0 = Debug|Any CPU
		{E97E70A2-6346-45E3-A747-246A6E29F801}.Debug|iPhoneSimulator.ActiveCfg = Debug|Any CPU
		{E97E70A2-6346-45E3-A747-246A6E29F801}.Debug|iPhoneSimulator.Build.0 = Debug|Any CPU
		{E97E70A2-6346-45E3-A747-246A6E29F801}.Debug|x64.ActiveCfg = Debug|Any CPU
		{E97E70A2-6346-45E3-A747-246A6E29F801}.Debug|x64.Build.0 = Debug|Any CPU
		{E97E70A2-6346-45E3-A747-246A6E29F801}.Debug|x86.ActiveCfg = Debug|Any CPU
		{E97E70A2-6346-45E3-A747-246A6E29F801}.Debug|x86.Build.0 = Debug|Any CPU
		{E97E70A2-6346-45E3-A747-246A6E29F801}.Release|Any CPU.ActiveCfg = Release|Any CPU
		{E97E70A2-6346-45E3-A747-246A6E29F801}.Release|Any CPU.Build.0 = Release|Any CPU
		{E97E70A2-6346-45E3-A747-246A6E29F801}.Release|ARM.ActiveCfg = Release|Any CPU
		{E97E70A2-6346-45E3-A747-246A6E29F801}.Release|ARM.Build.0 = Release|Any CPU
		{E97E70A2-6346-45E3-A747-246A6E29F801}.Release|iPhone.ActiveCfg = Release|Any CPU
		{E97E70A2-6346-45E3-A747-246A6E29F801}.Release|iPhone.Build.0 = Release|Any CPU
		{E97E70A2-6346-45E3-A747-246A6E29F801}.Release|iPhoneSimulator.ActiveCfg = Release|Any CPU
		{E97E70A2-6346-45E3-A747-246A6E29F801}.Release|iPhoneSimulator.Build.0 = Release|Any CPU
		{E97E70A2-6346-45E3-A747-246A6E29F801}.Release|x64.ActiveCfg = Release|Any CPU
		{E97E70A2-6346-45E3-A747-246A6E29F801}.Release|x64.Build.0 = Release|Any CPU
		{E97E70A2-6346-45E3-A747-246A6E29F801}.Release|x86.ActiveCfg = Release|Any CPU
		{E97E70A2-6346-45E3-A747-246A6E29F801}.Release|x86.Build.0 = Release|Any CPU
		{4E5DFEFA-B4F7-4555-8746-37EF485601CA}.Ad-Hoc|Any CPU.ActiveCfg = Release|Any CPU
		{4E5DFEFA-B4F7-4555-8746-37EF485601CA}.Ad-Hoc|Any CPU.Build.0 = Release|Any CPU
		{4E5DFEFA-B4F7-4555-8746-37EF485601CA}.Ad-Hoc|ARM.ActiveCfg = Release|Any CPU
		{4E5DFEFA-B4F7-4555-8746-37EF485601CA}.Ad-Hoc|ARM.Build.0 = Release|Any CPU
		{4E5DFEFA-B4F7-4555-8746-37EF485601CA}.Ad-Hoc|iPhone.ActiveCfg = Release|Any CPU
		{4E5DFEFA-B4F7-4555-8746-37EF485601CA}.Ad-Hoc|iPhone.Build.0 = Release|Any CPU
		{4E5DFEFA-B4F7-4555-8746-37EF485601CA}.Ad-Hoc|iPhoneSimulator.ActiveCfg = Release|Any CPU
		{4E5DFEFA-B4F7-4555-8746-37EF485601CA}.Ad-Hoc|iPhoneSimulator.Build.0 = Release|Any CPU
		{4E5DFEFA-B4F7-4555-8746-37EF485601CA}.Ad-Hoc|x64.ActiveCfg = Release|Any CPU
		{4E5DFEFA-B4F7-4555-8746-37EF485601CA}.Ad-Hoc|x64.Build.0 = Release|Any CPU
		{4E5DFEFA-B4F7-4555-8746-37EF485601CA}.Ad-Hoc|x86.ActiveCfg = Release|Any CPU
		{4E5DFEFA-B4F7-4555-8746-37EF485601CA}.Ad-Hoc|x86.Build.0 = Release|Any CPU
		{4E5DFEFA-B4F7-4555-8746-37EF485601CA}.AppStore|Any CPU.ActiveCfg = Release|Any CPU
		{4E5DFEFA-B4F7-4555-8746-37EF485601CA}.AppStore|Any CPU.Build.0 = Release|Any CPU
		{4E5DFEFA-B4F7-4555-8746-37EF485601CA}.AppStore|ARM.ActiveCfg = Release|Any CPU
		{4E5DFEFA-B4F7-4555-8746-37EF485601CA}.AppStore|ARM.Build.0 = Release|Any CPU
		{4E5DFEFA-B4F7-4555-8746-37EF485601CA}.AppStore|iPhone.ActiveCfg = Release|Any CPU
		{4E5DFEFA-B4F7-4555-8746-37EF485601CA}.AppStore|iPhone.Build.0 = Release|Any CPU
		{4E5DFEFA-B4F7-4555-8746-37EF485601CA}.AppStore|iPhoneSimulator.ActiveCfg = Release|Any CPU
		{4E5DFEFA-B4F7-4555-8746-37EF485601CA}.AppStore|iPhoneSimulator.Build.0 = Release|Any CPU
		{4E5DFEFA-B4F7-4555-8746-37EF485601CA}.AppStore|x64.ActiveCfg = Release|Any CPU
		{4E5DFEFA-B4F7-4555-8746-37EF485601CA}.AppStore|x64.Build.0 = Release|Any CPU
		{4E5DFEFA-B4F7-4555-8746-37EF485601CA}.AppStore|x86.ActiveCfg = Release|Any CPU
		{4E5DFEFA-B4F7-4555-8746-37EF485601CA}.AppStore|x86.Build.0 = Release|Any CPU
		{4E5DFEFA-B4F7-4555-8746-37EF485601CA}.Debug|Any CPU.ActiveCfg = Debug|Any CPU
		{4E5DFEFA-B4F7-4555-8746-37EF485601CA}.Debug|Any CPU.Build.0 = Debug|Any CPU
		{4E5DFEFA-B4F7-4555-8746-37EF485601CA}.Debug|ARM.ActiveCfg = Debug|Any CPU
		{4E5DFEFA-B4F7-4555-8746-37EF485601CA}.Debug|ARM.Build.0 = Debug|Any CPU
		{4E5DFEFA-B4F7-4555-8746-37EF485601CA}.Debug|iPhone.ActiveCfg = Debug|Any CPU
		{4E5DFEFA-B4F7-4555-8746-37EF485601CA}.Debug|iPhone.Build.0 = Debug|Any CPU
		{4E5DFEFA-B4F7-4555-8746-37EF485601CA}.Debug|iPhoneSimulator.ActiveCfg = Debug|Any CPU
		{4E5DFEFA-B4F7-4555-8746-37EF485601CA}.Debug|iPhoneSimulator.Build.0 = Debug|Any CPU
		{4E5DFEFA-B4F7-4555-8746-37EF485601CA}.Debug|x64.ActiveCfg = Debug|Any CPU
		{4E5DFEFA-B4F7-4555-8746-37EF485601CA}.Debug|x64.Build.0 = Debug|Any CPU
		{4E5DFEFA-B4F7-4555-8746-37EF485601CA}.Debug|x86.ActiveCfg = Debug|Any CPU
		{4E5DFEFA-B4F7-4555-8746-37EF485601CA}.Debug|x86.Build.0 = Debug|Any CPU
		{4E5DFEFA-B4F7-4555-8746-37EF485601CA}.Release|Any CPU.ActiveCfg = Release|Any CPU
		{4E5DFEFA-B4F7-4555-8746-37EF485601CA}.Release|Any CPU.Build.0 = Release|Any CPU
		{4E5DFEFA-B4F7-4555-8746-37EF485601CA}.Release|ARM.ActiveCfg = Release|Any CPU
		{4E5DFEFA-B4F7-4555-8746-37EF485601CA}.Release|ARM.Build.0 = Release|Any CPU
		{4E5DFEFA-B4F7-4555-8746-37EF485601CA}.Release|iPhone.ActiveCfg = Release|Any CPU
		{4E5DFEFA-B4F7-4555-8746-37EF485601CA}.Release|iPhone.Build.0 = Release|Any CPU
		{4E5DFEFA-B4F7-4555-8746-37EF485601CA}.Release|iPhoneSimulator.ActiveCfg = Release|Any CPU
		{4E5DFEFA-B4F7-4555-8746-37EF485601CA}.Release|iPhoneSimulator.Build.0 = Release|Any CPU
		{4E5DFEFA-B4F7-4555-8746-37EF485601CA}.Release|x64.ActiveCfg = Release|Any CPU
		{4E5DFEFA-B4F7-4555-8746-37EF485601CA}.Release|x64.Build.0 = Release|Any CPU
		{4E5DFEFA-B4F7-4555-8746-37EF485601CA}.Release|x86.ActiveCfg = Release|Any CPU
		{4E5DFEFA-B4F7-4555-8746-37EF485601CA}.Release|x86.Build.0 = Release|Any CPU
	EndGlobalSection
	GlobalSection(SolutionProperties) = preSolution
		HideSolutionNode = FALSE
	EndGlobalSection
	GlobalSection(NestedProjects) = preSolution
		{7140B633-FAD1-4F1F-A34A-463E0819FB82} = {6C4BAE27-8810-48A4-B948-976873D6FFE8}
		{5672053F-BA0F-42B7-A827-5D0668710CD1} = {6C4BAE27-8810-48A4-B948-976873D6FFE8}
		{26A78FED-A965-4F1A-B501-C60DE139D885} = {6C4BAE27-8810-48A4-B948-976873D6FFE8}
		{E97E70A2-6346-45E3-A747-246A6E29F801} = {6C4BAE27-8810-48A4-B948-976873D6FFE8}
		{4E5DFEFA-B4F7-4555-8746-37EF485601CA} = {20A5C2A2-2957-4633-ABA2-E1A5752B3C5C}
	EndGlobalSection
	GlobalSection(ExtensibilityGlobals) = postSolution
		SolutionGuid = {75109465-2C43-4442-9E14-B2C0849DF9FB}
	EndGlobalSection
EndGlobal
